// !$*UTF8*$!
{
	archiveVersion = 1;
	classes = {
	};
	objectVersion = 56;
	objects = {

/* Begin PBXBuildFile section */
		04A434462A7C025E001D9AF5 /* NetworkService.swift in Sources */ = {isa = PBXBuildFile; fileRef = 04A434452A7C025E001D9AF5 /* NetworkService.swift */; };
		04A4345E2A7C10FF001D9AF5 /* SearchPresenter.swift in Sources */ = {isa = PBXBuildFile; fileRef = 04A434572A7C10FF001D9AF5 /* SearchPresenter.swift */; };
		04A4345F2A7C10FF001D9AF5 /* SearchWorker.swift in Sources */ = {isa = PBXBuildFile; fileRef = 04A434582A7C10FF001D9AF5 /* SearchWorker.swift */; };
		04A434602A7C10FF001D9AF5 /* SearchRouter.swift in Sources */ = {isa = PBXBuildFile; fileRef = 04A434592A7C10FF001D9AF5 /* SearchRouter.swift */; };
		04A434612A7C10FF001D9AF5 /* SearchModels.swift in Sources */ = {isa = PBXBuildFile; fileRef = 04A4345A2A7C10FF001D9AF5 /* SearchModels.swift */; };
		04A434622A7C10FF001D9AF5 /* SearchViewController.swift in Sources */ = {isa = PBXBuildFile; fileRef = 04A4345B2A7C10FF001D9AF5 /* SearchViewController.swift */; };
		04A434632A7C10FF001D9AF5 /* SearchInteractor.swift in Sources */ = {isa = PBXBuildFile; fileRef = 04A4345C2A7C10FF001D9AF5 /* SearchInteractor.swift */; };
		04A434662A7C174F001D9AF5 /* SearchViewController.storyboard in Resources */ = {isa = PBXBuildFile; fileRef = 04A434652A7C174F001D9AF5 /* SearchViewController.storyboard */; };
		04A434682A7C1B59001D9AF5 /* UIViewController + Storyboard.swift in Sources */ = {isa = PBXBuildFile; fileRef = 04A434672A7C1B59001D9AF5 /* UIViewController + Storyboard.swift */; };
		04A4346C2A80EA6D001D9AF5 /* TrackCell.xib in Resources */ = {isa = PBXBuildFile; fileRef = 04A4346B2A80EA6D001D9AF5 /* TrackCell.xib */; };
		04A4346E2A80EAA7001D9AF5 /* TrackCell.swift in Sources */ = {isa = PBXBuildFile; fileRef = 04A4346D2A80EAA7001D9AF5 /* TrackCell.swift */; };
		04A434722A8103D1001D9AF5 /* FooterView.swift in Sources */ = {isa = PBXBuildFile; fileRef = 04A434712A8103D1001D9AF5 /* FooterView.swift */; };
		04A434752A811AD7001D9AF5 /* TrackDetailView.xib in Resources */ = {isa = PBXBuildFile; fileRef = 04A434742A811AD7001D9AF5 /* TrackDetailView.xib */; };
		04A434772A811AF7001D9AF5 /* TrackDetailView.swift in Sources */ = {isa = PBXBuildFile; fileRef = 04A434762A811AF7001D9AF5 /* TrackDetailView.swift */; };
		04AA41C62A8249CD006D50E9 /* CMTime + Extension.swift in Sources */ = {isa = PBXBuildFile; fileRef = 04AA41C52A8249CD006D50E9 /* CMTime + Extension.swift */; };
		04AA41C82A82732C006D50E9 /* Nib.swift in Sources */ = {isa = PBXBuildFile; fileRef = 04AA41C72A82732C006D50E9 /* Nib.swift */; };
		04C72F6E2A7A81EE0037BEA9 /* AppDelegate.swift in Sources */ = {isa = PBXBuildFile; fileRef = 04C72F6D2A7A81EE0037BEA9 /* AppDelegate.swift */; };
		04C72F702A7A81EE0037BEA9 /* SceneDelegate.swift in Sources */ = {isa = PBXBuildFile; fileRef = 04C72F6F2A7A81EE0037BEA9 /* SceneDelegate.swift */; };
		04C72F722A7A81EE0037BEA9 /* ViewController.swift in Sources */ = {isa = PBXBuildFile; fileRef = 04C72F712A7A81EE0037BEA9 /* ViewController.swift */; };
		04C72F752A7A81EE0037BEA9 /* Main.storyboard in Resources */ = {isa = PBXBuildFile; fileRef = 04C72F732A7A81EE0037BEA9 /* Main.storyboard */; };
		04C72F772A7A81F10037BEA9 /* Assets.xcassets in Resources */ = {isa = PBXBuildFile; fileRef = 04C72F762A7A81F10037BEA9 /* Assets.xcassets */; };
		04C72F7A2A7A81F10037BEA9 /* LaunchScreen.storyboard in Resources */ = {isa = PBXBuildFile; fileRef = 04C72F782A7A81F10037BEA9 /* LaunchScreen.storyboard */; };
		04C72F822A7A83A80037BEA9 /* MainTabBarController.swift in Sources */ = {isa = PBXBuildFile; fileRef = 04C72F812A7A83A80037BEA9 /* MainTabBarController.swift */; };
		04C72F842A7A887D0037BEA9 /* SearchMusicViewController.swift in Sources */ = {isa = PBXBuildFile; fileRef = 04C72F832A7A887D0037BEA9 /* SearchMusicViewController.swift */; };
		04C72F862A7ACE9C0037BEA9 /* SearchResponse.swift in Sources */ = {isa = PBXBuildFile; fileRef = 04C72F852A7ACE9C0037BEA9 /* SearchResponse.swift */; };
		B3E2483AAAE69C5E4DEF9430 /* Pods_MyMusic.framework in Frameworks */ = {isa = PBXBuildFile; fileRef = BDDE0C8ECDD9A0DA2A8D87F6 /* Pods_MyMusic.framework */; };
/* End PBXBuildFile section */

/* Begin PBXFileReference section */
		04A434452A7C025E001D9AF5 /* NetworkService.swift */ = {isa = PBXFileReference; lastKnownFileType = sourcecode.swift; path = NetworkService.swift; sourceTree = "<group>"; };
		04A434572A7C10FF001D9AF5 /* SearchPresenter.swift */ = {isa = PBXFileReference; lastKnownFileType = sourcecode.swift; path = SearchPresenter.swift; sourceTree = "<group>"; };
		04A434582A7C10FF001D9AF5 /* SearchWorker.swift */ = {isa = PBXFileReference; lastKnownFileType = sourcecode.swift; path = SearchWorker.swift; sourceTree = "<group>"; };
		04A434592A7C10FF001D9AF5 /* SearchRouter.swift */ = {isa = PBXFileReference; lastKnownFileType = sourcecode.swift; path = SearchRouter.swift; sourceTree = "<group>"; };
		04A4345A2A7C10FF001D9AF5 /* SearchModels.swift */ = {isa = PBXFileReference; lastKnownFileType = sourcecode.swift; path = SearchModels.swift; sourceTree = "<group>"; };
		04A4345B2A7C10FF001D9AF5 /* SearchViewController.swift */ = {isa = PBXFileReference; lastKnownFileType = sourcecode.swift; path = SearchViewController.swift; sourceTree = "<group>"; };
		04A4345C2A7C10FF001D9AF5 /* SearchInteractor.swift */ = {isa = PBXFileReference; lastKnownFileType = sourcecode.swift; path = SearchInteractor.swift; sourceTree = "<group>"; };
		04A434652A7C174F001D9AF5 /* SearchViewController.storyboard */ = {isa = PBXFileReference; lastKnownFileType = file.storyboard; path = SearchViewController.storyboard; sourceTree = "<group>"; };
		04A434672A7C1B59001D9AF5 /* UIViewController + Storyboard.swift */ = {isa = PBXFileReference; lastKnownFileType = sourcecode.swift; path = "UIViewController + Storyboard.swift"; sourceTree = "<group>"; };
		04A4346B2A80EA6D001D9AF5 /* TrackCell.xib */ = {isa = PBXFileReference; lastKnownFileType = file.xib; path = TrackCell.xib; sourceTree = "<group>"; };
		04A4346D2A80EAA7001D9AF5 /* TrackCell.swift */ = {isa = PBXFileReference; lastKnownFileType = sourcecode.swift; path = TrackCell.swift; sourceTree = "<group>"; };
		04A434712A8103D1001D9AF5 /* FooterView.swift */ = {isa = PBXFileReference; lastKnownFileType = sourcecode.swift; path = FooterView.swift; sourceTree = "<group>"; };
		04A434742A811AD7001D9AF5 /* TrackDetailView.xib */ = {isa = PBXFileReference; lastKnownFileType = file.xib; path = TrackDetailView.xib; sourceTree = "<group>"; };
		04A434762A811AF7001D9AF5 /* TrackDetailView.swift */ = {isa = PBXFileReference; lastKnownFileType = sourcecode.swift; path = TrackDetailView.swift; sourceTree = "<group>"; };
		04AA41C52A8249CD006D50E9 /* CMTime + Extension.swift */ = {isa = PBXFileReference; lastKnownFileType = sourcecode.swift; path = "CMTime + Extension.swift"; sourceTree = "<group>"; };
		04AA41C72A82732C006D50E9 /* Nib.swift */ = {isa = PBXFileReference; lastKnownFileType = sourcecode.swift; path = Nib.swift; sourceTree = "<group>"; };
		04C72F6A2A7A81EE0037BEA9 /* MyMusic.app */ = {isa = PBXFileReference; explicitFileType = wrapper.application; includeInIndex = 0; path = MyMusic.app; sourceTree = BUILT_PRODUCTS_DIR; };
		04C72F6D2A7A81EE0037BEA9 /* AppDelegate.swift */ = {isa = PBXFileReference; lastKnownFileType = sourcecode.swift; path = AppDelegate.swift; sourceTree = "<group>"; };
		04C72F6F2A7A81EE0037BEA9 /* SceneDelegate.swift */ = {isa = PBXFileReference; lastKnownFileType = sourcecode.swift; path = SceneDelegate.swift; sourceTree = "<group>"; };
		04C72F712A7A81EE0037BEA9 /* ViewController.swift */ = {isa = PBXFileReference; lastKnownFileType = sourcecode.swift; path = ViewController.swift; sourceTree = "<group>"; };
		04C72F742A7A81EE0037BEA9 /* Base */ = {isa = PBXFileReference; lastKnownFileType = file.storyboard; name = Base; path = Base.lproj/Main.storyboard; sourceTree = "<group>"; };
		04C72F762A7A81F10037BEA9 /* Assets.xcassets */ = {isa = PBXFileReference; lastKnownFileType = folder.assetcatalog; path = Assets.xcassets; sourceTree = "<group>"; };
		04C72F792A7A81F10037BEA9 /* Base */ = {isa = PBXFileReference; lastKnownFileType = file.storyboard; name = Base; path = Base.lproj/LaunchScreen.storyboard; sourceTree = "<group>"; };
		04C72F7B2A7A81F10037BEA9 /* Info.plist */ = {isa = PBXFileReference; lastKnownFileType = text.plist.xml; path = Info.plist; sourceTree = "<group>"; };
		04C72F812A7A83A80037BEA9 /* MainTabBarController.swift */ = {isa = PBXFileReference; lastKnownFileType = sourcecode.swift; path = MainTabBarController.swift; sourceTree = "<group>"; };
		04C72F832A7A887D0037BEA9 /* SearchMusicViewController.swift */ = {isa = PBXFileReference; lastKnownFileType = sourcecode.swift; path = SearchMusicViewController.swift; sourceTree = "<group>"; };
		04C72F852A7ACE9C0037BEA9 /* SearchResponse.swift */ = {isa = PBXFileReference; lastKnownFileType = sourcecode.swift; path = SearchResponse.swift; sourceTree = "<group>"; };
		5357E3FFD0292614D604870F /* Pods-MyMusic.debug.xcconfig */ = {isa = PBXFileReference; includeInIndex = 1; lastKnownFileType = text.xcconfig; name = "Pods-MyMusic.debug.xcconfig"; path = "Target Support Files/Pods-MyMusic/Pods-MyMusic.debug.xcconfig"; sourceTree = "<group>"; };
		BDDE0C8ECDD9A0DA2A8D87F6 /* Pods_MyMusic.framework */ = {isa = PBXFileReference; explicitFileType = wrapper.framework; includeInIndex = 0; path = Pods_MyMusic.framework; sourceTree = BUILT_PRODUCTS_DIR; };
		EE52448BBF564AE3615D061D /* Pods-MyMusic.release.xcconfig */ = {isa = PBXFileReference; includeInIndex = 1; lastKnownFileType = text.xcconfig; name = "Pods-MyMusic.release.xcconfig"; path = "Target Support Files/Pods-MyMusic/Pods-MyMusic.release.xcconfig"; sourceTree = "<group>"; };
/* End PBXFileReference section */

/* Begin PBXFrameworksBuildPhase section */
		04C72F672A7A81EE0037BEA9 /* Frameworks */ = {
			isa = PBXFrameworksBuildPhase;
			buildActionMask = 2147483647;
			files = (
				B3E2483AAAE69C5E4DEF9430 /* Pods_MyMusic.framework in Frameworks */,
			);
			runOnlyForDeploymentPostprocessing = 0;
		};
/* End PBXFrameworksBuildPhase section */

/* Begin PBXGroup section */
		04A434472A7C0F82001D9AF5 /* Search */ = {
			isa = PBXGroup;
			children = (
				04A434732A811AAC001D9AF5 /* TrackDetailView */,
				04A434702A8103B5001D9AF5 /* FooterView */,
				04A4346A2A80EA45001D9AF5 /* Cell */,
				04A434652A7C174F001D9AF5 /* SearchViewController.storyboard */,
				04A4345B2A7C10FF001D9AF5 /* SearchViewController.swift */,
				04A4345C2A7C10FF001D9AF5 /* SearchInteractor.swift */,
				04A434572A7C10FF001D9AF5 /* SearchPresenter.swift */,
				04A4345A2A7C10FF001D9AF5 /* SearchModels.swift */,
				04A434582A7C10FF001D9AF5 /* SearchWorker.swift */,
				04A434592A7C10FF001D9AF5 /* SearchRouter.swift */,
			);
			path = Search;
			sourceTree = "<group>";
		};
		04A434562A7C1058001D9AF5 /* Services */ = {
			isa = PBXGroup;
			children = (
				04A4346F2A80F198001D9AF5 /* Models */,
				04A434452A7C025E001D9AF5 /* NetworkService.swift */,
			);
			path = Services;
			sourceTree = "<group>";
		};
		04A434692A7C1B78001D9AF5 /* Helpers */ = {
			isa = PBXGroup;
			children = (
				04A434672A7C1B59001D9AF5 /* UIViewController + Storyboard.swift */,
				04AA41C52A8249CD006D50E9 /* CMTime + Extension.swift */,
				04AA41C72A82732C006D50E9 /* Nib.swift */,
			);
			path = Helpers;
			sourceTree = "<group>";
		};
		04A4346A2A80EA45001D9AF5 /* Cell */ = {
			isa = PBXGroup;
			children = (
				04A4346B2A80EA6D001D9AF5 /* TrackCell.xib */,
				04A4346D2A80EAA7001D9AF5 /* TrackCell.swift */,
			);
			path = Cell;
			sourceTree = "<group>";
		};
		04A4346F2A80F198001D9AF5 /* Models */ = {
			isa = PBXGroup;
			children = (
				04C72F852A7ACE9C0037BEA9 /* SearchResponse.swift */,
			);
			path = Models;
			sourceTree = "<group>";
		};
		04A434702A8103B5001D9AF5 /* FooterView */ = {
			isa = PBXGroup;
			children = (
				04A434712A8103D1001D9AF5 /* FooterView.swift */,
			);
			path = FooterView;
			sourceTree = "<group>";
		};
		04A434732A811AAC001D9AF5 /* TrackDetailView */ = {
			isa = PBXGroup;
			children = (
				04A434742A811AD7001D9AF5 /* TrackDetailView.xib */,
				04A434762A811AF7001D9AF5 /* TrackDetailView.swift */,
			);
			path = TrackDetailView;
			sourceTree = "<group>";
		};
		04C72F612A7A81EE0037BEA9 = {
			isa = PBXGroup;
			children = (
				04C72F6C2A7A81EE0037BEA9 /* MyMusic */,
				04C72F6B2A7A81EE0037BEA9 /* Products */,
				73CC85E57AFD17AEB00B5070 /* Pods */,
				DA26FCAC99DBEE16D0577606 /* Frameworks */,
			);
			sourceTree = "<group>";
		};
		04C72F6B2A7A81EE0037BEA9 /* Products */ = {
			isa = PBXGroup;
			children = (
				04C72F6A2A7A81EE0037BEA9 /* MyMusic.app */,
			);
			name = Products;
			sourceTree = "<group>";
		};
		04C72F6C2A7A81EE0037BEA9 /* MyMusic */ = {
			isa = PBXGroup;
			children = (
				04C72F6D2A7A81EE0037BEA9 /* AppDelegate.swift */,
				04C72F6F2A7A81EE0037BEA9 /* SceneDelegate.swift */,
				04A434562A7C1058001D9AF5 /* Services */,
				04C72F812A7A83A80037BEA9 /* MainTabBarController.swift */,
				04A434472A7C0F82001D9AF5 /* Search */,
				04C72F832A7A887D0037BEA9 /* SearchMusicViewController.swift */,
				04C72F712A7A81EE0037BEA9 /* ViewController.swift */,
				04A434692A7C1B78001D9AF5 /* Helpers */,
				04C72F732A7A81EE0037BEA9 /* Main.storyboard */,
				04C72F762A7A81F10037BEA9 /* Assets.xcassets */,
				04C72F782A7A81F10037BEA9 /* LaunchScreen.storyboard */,
				04C72F7B2A7A81F10037BEA9 /* Info.plist */,
			);
			path = MyMusic;
			sourceTree = "<group>";
		};
		73CC85E57AFD17AEB00B5070 /* Pods */ = {
			isa = PBXGroup;
			children = (
				5357E3FFD0292614D604870F /* Pods-MyMusic.debug.xcconfig */,
				EE52448BBF564AE3615D061D /* Pods-MyMusic.release.xcconfig */,
			);
			path = Pods;
			sourceTree = "<group>";
		};
		DA26FCAC99DBEE16D0577606 /* Frameworks */ = {
			isa = PBXGroup;
			children = (
				BDDE0C8ECDD9A0DA2A8D87F6 /* Pods_MyMusic.framework */,
			);
			name = Frameworks;
			sourceTree = "<group>";
		};
/* End PBXGroup section */

/* Begin PBXNativeTarget section */
		04C72F692A7A81EE0037BEA9 /* MyMusic */ = {
			isa = PBXNativeTarget;
			buildConfigurationList = 04C72F7E2A7A81F10037BEA9 /* Build configuration list for PBXNativeTarget "MyMusic" */;
			buildPhases = (
				E5CCE4764A35A0A9EC7FBF52 /* [CP] Check Pods Manifest.lock */,
				04C72F662A7A81EE0037BEA9 /* Sources */,
				04C72F672A7A81EE0037BEA9 /* Frameworks */,
				04C72F682A7A81EE0037BEA9 /* Resources */,
				B9ABA059FA2134B0C6329180 /* [CP] Embed Pods Frameworks */,
			);
			buildRules = (
			);
			dependencies = (
			);
			name = MyMusic;
			productName = MyMusic;
			productReference = 04C72F6A2A7A81EE0037BEA9 /* MyMusic.app */;
			productType = "com.apple.product-type.application";
		};
/* End PBXNativeTarget section */

/* Begin PBXProject section */
		04C72F622A7A81EE0037BEA9 /* Project object */ = {
			isa = PBXProject;
			attributes = {
				BuildIndependentTargetsInParallel = 1;
				LastSwiftUpdateCheck = 1410;
				LastUpgradeCheck = 1410;
				TargetAttributes = {
					04C72F692A7A81EE0037BEA9 = {
						CreatedOnToolsVersion = 14.1;
					};
				};
			};
			buildConfigurationList = 04C72F652A7A81EE0037BEA9 /* Build configuration list for PBXProject "MyMusic" */;
			compatibilityVersion = "Xcode 14.0";
			developmentRegion = en;
			hasScannedForEncodings = 0;
			knownRegions = (
				en,
				Base,
			);
			mainGroup = 04C72F612A7A81EE0037BEA9;
			productRefGroup = 04C72F6B2A7A81EE0037BEA9 /* Products */;
			projectDirPath = "";
			projectRoot = "";
			targets = (
				04C72F692A7A81EE0037BEA9 /* MyMusic */,
			);
		};
/* End PBXProject section */

/* Begin PBXResourcesBuildPhase section */
		04C72F682A7A81EE0037BEA9 /* Resources */ = {
			isa = PBXResourcesBuildPhase;
			buildActionMask = 2147483647;
			files = (
				04C72F7A2A7A81F10037BEA9 /* LaunchScreen.storyboard in Resources */,
				04A4346C2A80EA6D001D9AF5 /* TrackCell.xib in Resources */,
				04C72F772A7A81F10037BEA9 /* Assets.xcassets in Resources */,
				04A434662A7C174F001D9AF5 /* SearchViewController.storyboard in Resources */,
				04A434752A811AD7001D9AF5 /* TrackDetailView.xib in Resources */,
				04C72F752A7A81EE0037BEA9 /* Main.storyboard in Resources */,
			);
			runOnlyForDeploymentPostprocessing = 0;
		};
/* End PBXResourcesBuildPhase section */

/* Begin PBXShellScriptBuildPhase section */
		B9ABA059FA2134B0C6329180 /* [CP] Embed Pods Frameworks */ = {
			isa = PBXShellScriptBuildPhase;
			buildActionMask = 2147483647;
			files = (
			);
			inputFileListPaths = (
				"${PODS_ROOT}/Target Support Files/Pods-MyMusic/Pods-MyMusic-frameworks-${CONFIGURATION}-input-files.xcfilelist",
			);
			name = "[CP] Embed Pods Frameworks";
			outputFileListPaths = (
				"${PODS_ROOT}/Target Support Files/Pods-MyMusic/Pods-MyMusic-frameworks-${CONFIGURATION}-output-files.xcfilelist",
			);
			runOnlyForDeploymentPostprocessing = 0;
			shellPath = /bin/sh;
			shellScript = "\"${PODS_ROOT}/Target Support Files/Pods-MyMusic/Pods-MyMusic-frameworks.sh\"\n";
			showEnvVarsInLog = 0;
		};
		E5CCE4764A35A0A9EC7FBF52 /* [CP] Check Pods Manifest.lock */ = {
			isa = PBXShellScriptBuildPhase;
			buildActionMask = 2147483647;
			files = (
			);
			inputFileListPaths = (
			);
			inputPaths = (
				"${PODS_PODFILE_DIR_PATH}/Podfile.lock",
				"${PODS_ROOT}/Manifest.lock",
			);
			name = "[CP] Check Pods Manifest.lock";
			outputFileListPaths = (
			);
			outputPaths = (
				"$(DERIVED_FILE_DIR)/Pods-MyMusic-checkManifestLockResult.txt",
			);
			runOnlyForDeploymentPostprocessing = 0;
			shellPath = /bin/sh;
			shellScript = "diff \"${PODS_PODFILE_DIR_PATH}/Podfile.lock\" \"${PODS_ROOT}/Manifest.lock\" > /dev/null\nif [ $? != 0 ] ; then\n    # print error to STDERR\n    echo \"error: The sandbox is not in sync with the Podfile.lock. Run 'pod install' or update your CocoaPods installation.\" >&2\n    exit 1\nfi\n# This output is used by Xcode 'outputs' to avoid re-running this script phase.\necho \"SUCCESS\" > \"${SCRIPT_OUTPUT_FILE_0}\"\n";
			showEnvVarsInLog = 0;
		};
/* End PBXShellScriptBuildPhase section */

/* Begin PBXSourcesBuildPhase section */
		04C72F662A7A81EE0037BEA9 /* Sources */ = {
			isa = PBXSourcesBuildPhase;
			buildActionMask = 2147483647;
			files = (
				04C72F842A7A887D0037BEA9 /* SearchMusicViewController.swift in Sources */,
				04A434682A7C1B59001D9AF5 /* UIViewController + Storyboard.swift in Sources */,
				04C72F722A7A81EE0037BEA9 /* ViewController.swift in Sources */,
				04C72F862A7ACE9C0037BEA9 /* SearchResponse.swift in Sources */,
				04A434632A7C10FF001D9AF5 /* SearchInteractor.swift in Sources */,
				04A434722A8103D1001D9AF5 /* FooterView.swift in Sources */,
				04AA41C62A8249CD006D50E9 /* CMTime + Extension.swift in Sources */,
				04A4346E2A80EAA7001D9AF5 /* TrackCell.swift in Sources */,
				04AA41C82A82732C006D50E9 /* Nib.swift in Sources */,
				04C72F6E2A7A81EE0037BEA9 /* AppDelegate.swift in Sources */,
				04C72F822A7A83A80037BEA9 /* MainTabBarController.swift in Sources */,
				04A4345F2A7C10FF001D9AF5 /* SearchWorker.swift in Sources */,
				04A434622A7C10FF001D9AF5 /* SearchViewController.swift in Sources */,
				04A434602A7C10FF001D9AF5 /* SearchRouter.swift in Sources */,
				04A434612A7C10FF001D9AF5 /* SearchModels.swift in Sources */,
				04C72F702A7A81EE0037BEA9 /* SceneDelegate.swift in Sources */,
				04A4345E2A7C10FF001D9AF5 /* SearchPresenter.swift in Sources */,
				04A434772A811AF7001D9AF5 /* TrackDetailView.swift in Sources */,
				04A434462A7C025E001D9AF5 /* NetworkService.swift in Sources */,
			);
			runOnlyForDeploymentPostprocessing = 0;
		};
/* End PBXSourcesBuildPhase section */

/* Begin PBXVariantGroup section */
		04C72F732A7A81EE0037BEA9 /* Main.storyboard */ = {
			isa = PBXVariantGroup;
			children = (
				04C72F742A7A81EE0037BEA9 /* Base */,
			);
			name = Main.storyboard;
			sourceTree = "<group>";
		};
		04C72F782A7A81F10037BEA9 /* LaunchScreen.storyboard */ = {
			isa = PBXVariantGroup;
			children = (
				04C72F792A7A81F10037BEA9 /* Base */,
			);
			name = LaunchScreen.storyboard;
			sourceTree = "<group>";
		};
/* End PBXVariantGroup section */

/* Begin XCBuildConfiguration section */
		04C72F7C2A7A81F10037BEA9 /* Debug */ = {
			isa = XCBuildConfiguration;
			buildSettings = {
				ALWAYS_SEARCH_USER_PATHS = NO;
				CLANG_ANALYZER_NONNULL = YES;
				CLANG_ANALYZER_NUMBER_OBJECT_CONVERSION = YES_AGGRESSIVE;
				CLANG_CXX_LANGUAGE_STANDARD = "gnu++20";
				CLANG_ENABLE_MODULES = YES;
				CLANG_ENABLE_OBJC_ARC = YES;
				CLANG_ENABLE_OBJC_WEAK = YES;
				CLANG_WARN_BLOCK_CAPTURE_AUTORELEASING = YES;
				CLANG_WARN_BOOL_CONVERSION = YES;
				CLANG_WARN_COMMA = YES;
				CLANG_WARN_CONSTANT_CONVERSION = YES;
				CLANG_WARN_DEPRECATED_OBJC_IMPLEMENTATIONS = YES;
				CLANG_WARN_DIRECT_OBJC_ISA_USAGE = YES_ERROR;
				CLANG_WARN_DOCUMENTATION_COMMENTS = YES;
				CLANG_WARN_EMPTY_BODY = YES;
				CLANG_WARN_ENUM_CONVERSION = YES;
				CLANG_WARN_INFINITE_RECURSION = YES;
				CLANG_WARN_INT_CONVERSION = YES;
				CLANG_WARN_NON_LITERAL_NULL_CONVERSION = YES;
				CLANG_WARN_OBJC_IMPLICIT_RETAIN_SELF = YES;
				CLANG_WARN_OBJC_LITERAL_CONVERSION = YES;
				CLANG_WARN_OBJC_ROOT_CLASS = YES_ERROR;
				CLANG_WARN_QUOTED_INCLUDE_IN_FRAMEWORK_HEADER = YES;
				CLANG_WARN_RANGE_LOOP_ANALYSIS = YES;
				CLANG_WARN_STRICT_PROTOTYPES = YES;
				CLANG_WARN_SUSPICIOUS_MOVE = YES;
				CLANG_WARN_UNGUARDED_AVAILABILITY = YES_AGGRESSIVE;
				CLANG_WARN_UNREACHABLE_CODE = YES;
				CLANG_WARN__DUPLICATE_METHOD_MATCH = YES;
				COPY_PHASE_STRIP = NO;
				DEBUG_INFORMATION_FORMAT = dwarf;
				ENABLE_STRICT_OBJC_MSGSEND = YES;
				ENABLE_TESTABILITY = YES;
				GCC_C_LANGUAGE_STANDARD = gnu11;
				GCC_DYNAMIC_NO_PIC = NO;
				GCC_NO_COMMON_BLOCKS = YES;
				GCC_OPTIMIZATION_LEVEL = 0;
				GCC_PREPROCESSOR_DEFINITIONS = (
					"DEBUG=1",
					"$(inherited)",
				);
				GCC_WARN_64_TO_32_BIT_CONVERSION = YES;
				GCC_WARN_ABOUT_RETURN_TYPE = YES_ERROR;
				GCC_WARN_UNDECLARED_SELECTOR = YES;
				GCC_WARN_UNINITIALIZED_AUTOS = YES_AGGRESSIVE;
				GCC_WARN_UNUSED_FUNCTION = YES;
				GCC_WARN_UNUSED_VARIABLE = YES;
				IPHONEOS_DEPLOYMENT_TARGET = 16.1;
				MTL_ENABLE_DEBUG_INFO = INCLUDE_SOURCE;
				MTL_FAST_MATH = YES;
				ONLY_ACTIVE_ARCH = YES;
				SDKROOT = iphoneos;
				SWIFT_ACTIVE_COMPILATION_CONDITIONS = DEBUG;
				SWIFT_OPTIMIZATION_LEVEL = "-Onone";
			};
			name = Debug;
		};
		04C72F7D2A7A81F10037BEA9 /* Release */ = {
			isa = XCBuildConfiguration;
			buildSettings = {
				ALWAYS_SEARCH_USER_PATHS = NO;
				CLANG_ANALYZER_NONNULL = YES;
				CLANG_ANALYZER_NUMBER_OBJECT_CONVERSION = YES_AGGRESSIVE;
				CLANG_CXX_LANGUAGE_STANDARD = "gnu++20";
				CLANG_ENABLE_MODULES = YES;
				CLANG_ENABLE_OBJC_ARC = YES;
				CLANG_ENABLE_OBJC_WEAK = YES;
				CLANG_WARN_BLOCK_CAPTURE_AUTORELEASING = YES;
				CLANG_WARN_BOOL_CONVERSION = YES;
				CLANG_WARN_COMMA = YES;
				CLANG_WARN_CONSTANT_CONVERSION = YES;
				CLANG_WARN_DEPRECATED_OBJC_IMPLEMENTATIONS = YES;
				CLANG_WARN_DIRECT_OBJC_ISA_USAGE = YES_ERROR;
				CLANG_WARN_DOCUMENTATION_COMMENTS = YES;
				CLANG_WARN_EMPTY_BODY = YES;
				CLANG_WARN_ENUM_CONVERSION = YES;
				CLANG_WARN_INFINITE_RECURSION = YES;
				CLANG_WARN_INT_CONVERSION = YES;
				CLANG_WARN_NON_LITERAL_NULL_CONVERSION = YES;
				CLANG_WARN_OBJC_IMPLICIT_RETAIN_SELF = YES;
				CLANG_WARN_OBJC_LITERAL_CONVERSION = YES;
				CLANG_WARN_OBJC_ROOT_CLASS = YES_ERROR;
				CLANG_WARN_QUOTED_INCLUDE_IN_FRAMEWORK_HEADER = YES;
				CLANG_WARN_RANGE_LOOP_ANALYSIS = YES;
				CLANG_WARN_STRICT_PROTOTYPES = YES;
				CLANG_WARN_SUSPICIOUS_MOVE = YES;
				CLANG_WARN_UNGUARDED_AVAILABILITY = YES_AGGRESSIVE;
				CLANG_WARN_UNREACHABLE_CODE = YES;
				CLANG_WARN__DUPLICATE_METHOD_MATCH = YES;
				COPY_PHASE_STRIP = NO;
				DEBUG_INFORMATION_FORMAT = "dwarf-with-dsym";
				ENABLE_NS_ASSERTIONS = NO;
				ENABLE_STRICT_OBJC_MSGSEND = YES;
				GCC_C_LANGUAGE_STANDARD = gnu11;
				GCC_NO_COMMON_BLOCKS = YES;
				GCC_WARN_64_TO_32_BIT_CONVERSION = YES;
				GCC_WARN_ABOUT_RETURN_TYPE = YES_ERROR;
				GCC_WARN_UNDECLARED_SELECTOR = YES;
				GCC_WARN_UNINITIALIZED_AUTOS = YES_AGGRESSIVE;
				GCC_WARN_UNUSED_FUNCTION = YES;
				GCC_WARN_UNUSED_VARIABLE = YES;
				IPHONEOS_DEPLOYMENT_TARGET = 16.1;
				MTL_ENABLE_DEBUG_INFO = NO;
				MTL_FAST_MATH = YES;
				SDKROOT = iphoneos;
				SWIFT_COMPILATION_MODE = wholemodule;
				SWIFT_OPTIMIZATION_LEVEL = "-O";
				VALIDATE_PRODUCT = YES;
			};
			name = Release;
		};
		04C72F7F2A7A81F10037BEA9 /* Debug */ = {
			isa = XCBuildConfiguration;
			baseConfigurationReference = 5357E3FFD0292614D604870F /* Pods-MyMusic.debug.xcconfig */;
			buildSettings = {
				ASSETCATALOG_COMPILER_APPICON_NAME = AppIcon;
				ASSETCATALOG_COMPILER_GLOBAL_ACCENT_COLOR_NAME = AccentColor;
				CODE_SIGN_STYLE = Automatic;
				CURRENT_PROJECT_VERSION = 1;
				DEVELOPMENT_TEAM = 42W442X4KT;
				GENERATE_INFOPLIST_FILE = YES;
				INFOPLIST_FILE = MyMusic/Info.plist;
				INFOPLIST_KEY_UIApplicationSupportsIndirectInputEvents = YES;
				INFOPLIST_KEY_UILaunchStoryboardName = LaunchScreen;
				INFOPLIST_KEY_UIMainStoryboardFile = Main;
				INFOPLIST_KEY_UISupportedInterfaceOrientations_iPad = "UIInterfaceOrientationPortrait UIInterfaceOrientationPortraitUpsideDown UIInterfaceOrientationLandscapeLeft UIInterfaceOrientationLandscapeRight";
				INFOPLIST_KEY_UISupportedInterfaceOrientations_iPhone = "UIInterfaceOrientationPortrait UIInterfaceOrientationLandscapeLeft UIInterfaceOrientationLandscapeRight";
				LD_RUNPATH_SEARCH_PATHS = (
					"$(inherited)",
					"@executable_path/Frameworks",
				);
				MARKETING_VERSION = 1.0;
				PRODUCT_BUNDLE_IDENTIFIER = KD.MyMusic;
				PRODUCT_NAME = "$(TARGET_NAME)";
				SWIFT_EMIT_LOC_STRINGS = YES;
				SWIFT_VERSION = 5.0;
				TARGETED_DEVICE_FAMILY = "1,2";
			};
			name = Debug;
		};
		04C72F802A7A81F10037BEA9 /* Release */ = {
			isa = XCBuildConfiguration;
			baseConfigurationReference = EE52448BBF564AE3615D061D /* Pods-MyMusic.release.xcconfig */;
			buildSettings = {
				ASSETCATALOG_COMPILER_APPICON_NAME = AppIcon;
				ASSETCATALOG_COMPILER_GLOBAL_ACCENT_COLOR_NAME = AccentColor;
				CODE_SIGN_STYLE = Automatic;
				CURRENT_PROJECT_VERSION = 1;
				DEVELOPMENT_TEAM = 42W442X4KT;
				GENERATE_INFOPLIST_FILE = YES;
				INFOPLIST_FILE = MyMusic/Info.plist;
				INFOPLIST_KEY_UIApplicationSupportsIndirectInputEvents = YES;
				INFOPLIST_KEY_UILaunchStoryboardName = LaunchScreen;
				INFOPLIST_KEY_UIMainStoryboardFile = Main;
				INFOPLIST_KEY_UISupportedInterfaceOrientations_iPad = "UIInterfaceOrientationPortrait UIInterfaceOrientationPortraitUpsideDown UIInterfaceOrientationLandscapeLeft UIInterfaceOrientationLandscapeRight";
				INFOPLIST_KEY_UISupportedInterfaceOrientations_iPhone = "UIInterfaceOrientationPortrait UIInterfaceOrientationLandscapeLeft UIInterfaceOrientationLandscapeRight";
				LD_RUNPATH_SEARCH_PATHS = (
					"$(inherited)",
					"@executable_path/Frameworks",
				);
				MARKETING_VERSION = 1.0;
				PRODUCT_BUNDLE_IDENTIFIER = KD.MyMusic;
				PRODUCT_NAME = "$(TARGET_NAME)";
				SWIFT_EMIT_LOC_STRINGS = YES;
				SWIFT_VERSION = 5.0;
				TARGETED_DEVICE_FAMILY = "1,2";
			};
			name = Release;
		};
/* End XCBuildConfiguration section */

/* Begin XCConfigurationList section */
		04C72F652A7A81EE0037BEA9 /* Build configuration list for PBXProject "MyMusic" */ = {
			isa = XCConfigurationList;
			buildConfigurations = (
				04C72F7C2A7A81F10037BEA9 /* Debug */,
				04C72F7D2A7A81F10037BEA9 /* Release */,
			);
			defaultConfigurationIsVisible = 0;
			defaultConfigurationName = Release;
		};
		04C72F7E2A7A81F10037BEA9 /* Build configuration list for PBXNativeTarget "MyMusic" */ = {
			isa = XCConfigurationList;
			buildConfigurations = (
				04C72F7F2A7A81F10037BEA9 /* Debug */,
				04C72F802A7A81F10037BEA9 /* Release */,
			);
			defaultConfigurationIsVisible = 0;
			defaultConfigurationName = Release;
		};
/* End XCConfigurationList section */
	};
	rootObject = 04C72F622A7A81EE0037BEA9 /* Project object */;
}
